// !$*UTF8*$!
{
	archiveVersion = 1;
	classes = {
	};
	objectVersion = 46;
	objects = {

/* Begin PBXBuildFile section */
		9C526BCC172661180013023A /* UIKit.framework in Frameworks */ = {isa = PBXBuildFile; fileRef = 9C526BCB172661180013023A /* UIKit.framework */; };
		9C526BCE172661180013023A /* Foundation.framework in Frameworks */ = {isa = PBXBuildFile; fileRef = 9C526BCD172661180013023A /* Foundation.framework */; };
		9C526BD0172661180013023A /* CoreGraphics.framework in Frameworks */ = {isa = PBXBuildFile; fileRef = 9C526BCF172661180013023A /* CoreGraphics.framework */; };
		9C526BD6172661180013023A /* InfoPlist.strings in Resources */ = {isa = PBXBuildFile; fileRef = 9C526BD4172661180013023A /* InfoPlist.strings */; };
		9C526BD8172661180013023A /* main.m in Sources */ = {isa = PBXBuildFile; fileRef = 9C526BD7172661180013023A /* main.m */; };
		9C526BDC172661180013023A /* AppDelegate.m in Sources */ = {isa = PBXBuildFile; fileRef = 9C526BDB172661180013023A /* AppDelegate.m */; };
		9C526BDE172661180013023A /* Default.png in Resources */ = {isa = PBXBuildFile; fileRef = 9C526BDD172661180013023A /* Default.png */; };
		9C526BE0172661180013023A /* Default@2x.png in Resources */ = {isa = PBXBuildFile; fileRef = 9C526BDF172661180013023A /* Default@2x.png */; };
		9C526BE2172661180013023A /* Default-568h@2x.png in Resources */ = {isa = PBXBuildFile; fileRef = 9C526BE1172661180013023A /* Default-568h@2x.png */; };
		9C526BE5172661190013023A /* ViewController.m in Sources */ = {isa = PBXBuildFile; fileRef = 9C526BE4172661190013023A /* ViewController.m */; };
		9C526BE8172661190013023A /* ViewController.xib in Resources */ = {isa = PBXBuildFile; fileRef = 9C526BE6172661190013023A /* ViewController.xib */; };
		9C526BF0172661190013023A /* SenTestingKit.framework in Frameworks */ = {isa = PBXBuildFile; fileRef = 9C526BEF172661190013023A /* SenTestingKit.framework */; };
		9C526BF1172661190013023A /* UIKit.framework in Frameworks */ = {isa = PBXBuildFile; fileRef = 9C526BCB172661180013023A /* UIKit.framework */; };
		9C526BF2172661190013023A /* Foundation.framework in Frameworks */ = {isa = PBXBuildFile; fileRef = 9C526BCD172661180013023A /* Foundation.framework */; };
		9C526BFA172661190013023A /* InfoPlist.strings in Resources */ = {isa = PBXBuildFile; fileRef = 9C526BF8172661190013023A /* InfoPlist.strings */; };
		9C526BFD172661190013023A /* Week3Tests.m in Sources */ = {isa = PBXBuildFile; fileRef = 9C526BFC172661190013023A /* Week3Tests.m */; };
		9C526C07172661C10013023A /* orngButton.png in Resources */ = {isa = PBXBuildFile; fileRef = 9C526C06172661C00013023A /* orngButton.png */; };
/* End PBXBuildFile section */

/* Begin PBXContainerItemProxy section */
		9C526BF3172661190013023A /* PBXContainerItemProxy */ = {
			isa = PBXContainerItemProxy;
			containerPortal = 9C526BC0172661180013023A /* Project object */;
			proxyType = 1;
			remoteGlobalIDString = 9C526BC7172661180013023A;
			remoteInfo = Week3;
		};
/* End PBXContainerItemProxy section */

/* Begin PBXFileReference section */
		9C526BC8172661180013023A /* Week3.app */ = {isa = PBXFileReference; explicitFileType = wrapper.application; includeInIndex = 0; path = Week3.app; sourceTree = BUILT_PRODUCTS_DIR; };
		9C526BCB172661180013023A /* UIKit.framework */ = {isa = PBXFileReference; lastKnownFileType = wrapper.framework; name = UIKit.framework; path = System/Library/Frameworks/UIKit.framework; sourceTree = SDKROOT; };
		9C526BCD172661180013023A /* Foundation.framework */ = {isa = PBXFileReference; lastKnownFileType = wrapper.framework; name = Foundation.framework; path = System/Library/Frameworks/Foundation.framework; sourceTree = SDKROOT; };
		9C526BCF172661180013023A /* CoreGraphics.framework */ = {isa = PBXFileReference; lastKnownFileType = wrapper.framework; name = CoreGraphics.framework; path = System/Library/Frameworks/CoreGraphics.framework; sourceTree = SDKROOT; };
		9C526BD3172661180013023A /* Week3-Info.plist */ = {isa = PBXFileReference; lastKnownFileType = text.plist.xml; path = "Week3-Info.plist"; sourceTree = "<group>"; };
		9C526BD5172661180013023A /* en */ = {isa = PBXFileReference; lastKnownFileType = text.plist.strings; name = en; path = en.lproj/InfoPlist.strings; sourceTree = "<group>"; };
		9C526BD7172661180013023A /* main.m */ = {isa = PBXFileReference; lastKnownFileType = sourcecode.c.objc; path = main.m; sourceTree = "<group>"; };
		9C526BD9172661180013023A /* Week3-Prefix.pch */ = {isa = PBXFileReference; lastKnownFileType = sourcecode.c.h; path = "Week3-Prefix.pch"; sourceTree = "<group>"; };
		9C526BDA172661180013023A /* AppDelegate.h */ = {isa = PBXFileReference; lastKnownFileType = sourcecode.c.h; path = AppDelegate.h; sourceTree = "<group>"; };
		9C526BDB172661180013023A /* AppDelegate.m */ = {isa = PBXFileReference; lastKnownFileType = sourcecode.c.objc; path = AppDelegate.m; sourceTree = "<group>"; };
		9C526BDD172661180013023A /* Default.png */ = {isa = PBXFileReference; lastKnownFileType = image.png; path = Default.png; sourceTree = "<group>"; };
		9C526BDF172661180013023A /* Default@2x.png */ = {isa = PBXFileReference; lastKnownFileType = image.png; path = "Default@2x.png"; sourceTree = "<group>"; };
		9C526BE1172661180013023A /* Default-568h@2x.png */ = {isa = PBXFileReference; lastKnownFileType = image.png; path = "Default-568h@2x.png"; sourceTree = "<group>"; };
		9C526BE3172661180013023A /* ViewController.h */ = {isa = PBXFileReference; lastKnownFileType = sourcecode.c.h; path = ViewController.h; sourceTree = "<group>"; };
		9C526BE4172661190013023A /* ViewController.m */ = {isa = PBXFileReference; lastKnownFileType = sourcecode.c.objc; path = ViewController.m; sourceTree = "<group>"; };
		9C526BE7172661190013023A /* en */ = {isa = PBXFileReference; lastKnownFileType = file.xib; name = en; path = en.lproj/ViewController.xib; sourceTree = "<group>"; };
		9C526BEE172661190013023A /* Week3Tests.octest */ = {isa = PBXFileReference; explicitFileType = wrapper.cfbundle; includeInIndex = 0; path = Week3Tests.octest; sourceTree = BUILT_PRODUCTS_DIR; };
		9C526BEF172661190013023A /* SenTestingKit.framework */ = {isa = PBXFileReference; lastKnownFileType = wrapper.framework; name = SenTestingKit.framework; path = Library/Frameworks/SenTestingKit.framework; sourceTree = DEVELOPER_DIR; };
		9C526BF7172661190013023A /* Week3Tests-Info.plist */ = {isa = PBXFileReference; lastKnownFileType = text.plist.xml; path = "Week3Tests-Info.plist"; sourceTree = "<group>"; };
		9C526BF9172661190013023A /* en */ = {isa = PBXFileReference; lastKnownFileType = text.plist.strings; name = en; path = en.lproj/InfoPlist.strings; sourceTree = "<group>"; };
		9C526BFB172661190013023A /* Week3Tests.h */ = {isa = PBXFileReference; lastKnownFileType = sourcecode.c.h; path = Week3Tests.h; sourceTree = "<group>"; };
		9C526BFC172661190013023A /* Week3Tests.m */ = {isa = PBXFileReference; lastKnownFileType = sourcecode.c.objc; path = Week3Tests.m; sourceTree = "<group>"; };
		9C526C06172661C00013023A /* orngButton.png */ = {isa = PBXFileReference; lastKnownFileType = image.png; name = orngButton.png; path = ../../../../../.Trash/orngButton.png; sourceTree = "<group>"; };
/* End PBXFileReference section */

/* Begin PBXFrameworksBuildPhase section */
		9C526BC5172661180013023A /* Frameworks */ = {
			isa = PBXFrameworksBuildPhase;
			buildActionMask = 2147483647;
			files = (
				9C526BCC172661180013023A /* UIKit.framework in Frameworks */,
				9C526BCE172661180013023A /* Foundation.framework in Frameworks */,
				9C526BD0172661180013023A /* CoreGraphics.framework in Frameworks */,
			);
			runOnlyForDeploymentPostprocessing = 0;
		};
		9C526BEA172661190013023A /* Frameworks */ = {
			isa = PBXFrameworksBuildPhase;
			buildActionMask = 2147483647;
			files = (
				9C526BF0172661190013023A /* SenTestingKit.framework in Frameworks */,
				9C526BF1172661190013023A /* UIKit.framework in Frameworks */,
				9C526BF2172661190013023A /* Foundation.framework in Frameworks */,
			);
			runOnlyForDeploymentPostprocessing = 0;
		};
/* End PBXFrameworksBuildPhase section */

/* Begin PBXGroup section */
		9C526BBF172661180013023A = {
			isa = PBXGroup;
			children = (
				9C526BD1172661180013023A /* Week3 */,
				9C526BF5172661190013023A /* Week3Tests */,
				9C526BCA172661180013023A /* Frameworks */,
				9C526BC9172661180013023A /* Products */,
			);
			sourceTree = "<group>";
		};
		9C526BC9172661180013023A /* Products */ = {
			isa = PBXGroup;
			children = (
				9C526BC8172661180013023A /* Week3.app */,
				9C526BEE172661190013023A /* Week3Tests.octest */,
			);
			name = Products;
			sourceTree = "<group>";
		};
		9C526BCA172661180013023A /* Frameworks */ = {
			isa = PBXGroup;
			children = (
				9C526BCB172661180013023A /* UIKit.framework */,
				9C526BCD172661180013023A /* Foundation.framework */,
				9C526BCF172661180013023A /* CoreGraphics.framework */,
				9C526BEF172661190013023A /* SenTestingKit.framework */,
			);
			name = Frameworks;
			sourceTree = "<group>";
		};
		9C526BD1172661180013023A /* Week3 */ = {
			isa = PBXGroup;
			children = (
				9C526BDA172661180013023A /* AppDelegate.h */,
				9C526C06172661C00013023A /* orngButton.png */,
				9C526BDB172661180013023A /* AppDelegate.m */,
				9C526BE3172661180013023A /* ViewController.h */,
				9C526BE4172661190013023A /* ViewController.m */,
				9C526BE6172661190013023A /* ViewController.xib */,
				9C526BD2172661180013023A /* Supporting Files */,
			);
			path = Week3;
			sourceTree = "<group>";
		};
		9C526BD2172661180013023A /* Supporting Files */ = {
			isa = PBXGroup;
			children = (
				9C526BD3172661180013023A /* Week3-Info.plist */,
				9C526BD4172661180013023A /* InfoPlist.strings */,
				9C526BD7172661180013023A /* main.m */,
				9C526BD9172661180013023A /* Week3-Prefix.pch */,
				9C526BDD172661180013023A /* Default.png */,
				9C526BDF172661180013023A /* Default@2x.png */,
				9C526BE1172661180013023A /* Default-568h@2x.png */,
			);
			name = "Supporting Files";
			sourceTree = "<group>";
		};
		9C526BF5172661190013023A /* Week3Tests */ = {
			isa = PBXGroup;
			children = (
				9C526BFB172661190013023A /* Week3Tests.h */,
				9C526BFC172661190013023A /* Week3Tests.m */,
				9C526BF6172661190013023A /* Supporting Files */,
			);
			path = Week3Tests;
			sourceTree = "<group>";
		};
		9C526BF6172661190013023A /* Supporting Files */ = {
			isa = PBXGroup;
			children = (
				9C526BF7172661190013023A /* Week3Tests-Info.plist */,
				9C526BF8172661190013023A /* InfoPlist.strings */,
			);
			name = "Supporting Files";
			sourceTree = "<group>";
		};
/* End PBXGroup section */

/* Begin PBXNativeTarget section */
		9C526BC7172661180013023A /* Week3 */ = {
			isa = PBXNativeTarget;
			buildConfigurationList = 9C526C00172661190013023A /* Build configuration list for PBXNativeTarget "Week3" */;
			buildPhases = (
				9C526BC4172661180013023A /* Sources */,
				9C526BC5172661180013023A /* Frameworks */,
				9C526BC6172661180013023A /* Resources */,
			);
			buildRules = (
			);
			dependencies = (
			);
			name = Week3;
			productName = Week3;
			productReference = 9C526BC8172661180013023A /* Week3.app */;
			productType = "com.apple.product-type.application";
		};
		9C526BED172661190013023A /* Week3Tests */ = {
			isa = PBXNativeTarget;
			buildConfigurationList = 9C526C03172661190013023A /* Build configuration list for PBXNativeTarget "Week3Tests" */;
			buildPhases = (
				9C526BE9172661190013023A /* Sources */,
				9C526BEA172661190013023A /* Frameworks */,
				9C526BEB172661190013023A /* Resources */,
				9C526BEC172661190013023A /* ShellScript */,
			);
			buildRules = (
			);
			dependencies = (
				9C526BF4172661190013023A /* PBXTargetDependency */,
			);
			name = Week3Tests;
			productName = Week3Tests;
			productReference = 9C526BEE172661190013023A /* Week3Tests.octest */;
			productType = "com.apple.product-type.bundle";
		};
/* End PBXNativeTarget section */

/* Begin PBXProject section */
		9C526BC0172661180013023A /* Project object */ = {
			isa = PBXProject;
			attributes = {
				LastUpgradeCheck = 0460;
				ORGANIZATIONNAME = "Willson Ayotte (NEW)";
			};
			buildConfigurationList = 9C526BC3172661180013023A /* Build configuration list for PBXProject "Week3" */;
			compatibilityVersion = "Xcode 3.2";
			developmentRegion = English;
			hasScannedForEncodings = 0;
			knownRegions = (
				en,
			);
			mainGroup = 9C526BBF172661180013023A;
			productRefGroup = 9C526BC9172661180013023A /* Products */;
			projectDirPath = "";
			projectRoot = "";
			targets = (
				9C526BC7172661180013023A /* Week3 */,
				9C526BED172661190013023A /* Week3Tests */,
			);
		};
/* End PBXProject section */

/* Begin PBXResourcesBuildPhase section */
		9C526BC6172661180013023A /* Resources */ = {
			isa = PBXResourcesBuildPhase;
			buildActionMask = 2147483647;
			files = (
				9C526BD6172661180013023A /* InfoPlist.strings in Resources */,
				9C526BDE172661180013023A /* Default.png in Resources */,
				9C526BE0172661180013023A /* Default@2x.png in Resources */,
				9C526BE2172661180013023A /* Default-568h@2x.png in Resources */,
				9C526BE8172661190013023A /* ViewController.xib in Resources */,
				9C526C07172661C10013023A /* orngButton.png in Resources */,
			);
			runOnlyForDeploymentPostprocessing = 0;
		};
		9C526BEB172661190013023A /* Resources */ = {
			isa = PBXResourcesBuildPhase;
			buildActionMask = 2147483647;
			files = (
				9C526BFA172661190013023A /* InfoPlist.strings in Resources */,
			);
			runOnlyForDeploymentPostprocessing = 0;
		};
/* End PBXResourcesBuildPhase section */

/* Begin PBXShellScriptBuildPhase section */
		9C526BEC172661190013023A /* ShellScript */ = {
			isa = PBXShellScriptBuildPhase;
			buildActionMask = 2147483647;
			files = (
			);
			inputPaths = (
			);
			outputPaths = (
			);
			runOnlyForDeploymentPostprocessing = 0;
			shellPath = /bin/sh;
			shellScript = "# Run the unit tests in this test bundle.\n\"${SYSTEM_DEVELOPER_DIR}/Tools/RunUnitTests\"\n";
		};
/* End PBXShellScriptBuildPhase section */

/* Begin PBXSourcesBuildPhase section */
		9C526BC4172661180013023A /* Sources */ = {
			isa = PBXSourcesBuildPhase;
			buildActionMask = 2147483647;
			files = (
				9C526BD8172661180013023A /* main.m in Sources */,
				9C526BDC172661180013023A /* AppDelegate.m in Sources */,
				9C526BE5172661190013023A /* ViewController.m in Sources */,
			);
			runOnlyForDeploymentPostprocessing = 0;
		};
		9C526BE9172661190013023A /* Sources */ = {
			isa = PBXSourcesBuildPhase;
			buildActionMask = 2147483647;
			files = (
				9C526BFD172661190013023A /* Week3Tests.m in Sources */,
			);
			runOnlyForDeploymentPostprocessing = 0;
		};
/* End PBXSourcesBuildPhase section */

/* Begin PBXTargetDependency section */
		9C526BF4172661190013023A /* PBXTargetDependency */ = {
			isa = PBXTargetDependency;
			target = 9C526BC7172661180013023A /* Week3 */;
			targetProxy = 9C526BF3172661190013023A /* PBXContainerItemProxy */;
		};
/* End PBXTargetDependency section */

/* Begin PBXVariantGroup section */
		9C526BD4172661180013023A /* InfoPlist.strings */ = {
			isa = PBXVariantGroup;
			children = (
				9C526BD5172661180013023A /* en */,
			);
			name = InfoPlist.strings;
			sourceTree = "<group>";
		};
		9C526BE6172661190013023A /* ViewController.xib */ = {
			isa = PBXVariantGroup;
			children = (
				9C526BE7172661190013023A /* en */,
			);
			name = ViewController.xib;
			sourceTree = "<group>";
		};
		9C526BF8172661190013023A /* InfoPlist.strings */ = {
			isa = PBXVariantGroup;
			children = (
				9C526BF9172661190013023A /* en */,
			);
			name = InfoPlist.strings;
			sourceTree = "<group>";
		};
/* End PBXVariantGroup section */

/* Begin XCBuildConfiguration section */
		9C526BFE172661190013023A /* Debug */ = {
			isa = XCBuildConfiguration;
			buildSettings = {
				ALWAYS_SEARCH_USER_PATHS = NO;
				CLANG_CXX_LANGUAGE_STANDARD = "gnu++0x";
				CLANG_CXX_LIBRARY = "libc++";
				CLANG_WARN_CONSTANT_CONVERSION = YES;
				CLANG_WARN_EMPTY_BODY = YES;
				CLANG_WARN_ENUM_CONVERSION = YES;
				CLANG_WARN_INT_CONVERSION = YES;
				CLANG_WARN__DUPLICATE_METHOD_MATCH = YES;
				"CODE_SIGN_IDENTITY[sdk=iphoneos*]" = "iPhone Developer";
				COPY_PHASE_STRIP = NO;
				GCC_C_LANGUAGE_STANDARD = gnu99;
				GCC_DYNAMIC_NO_PIC = NO;
				GCC_OPTIMIZATION_LEVEL = 0;
				GCC_PREPROCESSOR_DEFINITIONS = (
					"DEBUG=1",
					"$(inherited)",
				);
				GCC_SYMBOLS_PRIVATE_EXTERN = NO;
				GCC_WARN_ABOUT_RETURN_TYPE = YES;
				GCC_WARN_UNINITIALIZED_AUTOS = YES;
				GCC_WARN_UNUSED_VARIABLE = YES;
				IPHONEOS_DEPLOYMENT_TARGET = 6.1;
				ONLY_ACTIVE_ARCH = YES;
				SDKROOT = iphoneos;
			};
			name = Debug;
		};
		9C526BFF172661190013023A /* Release */ = {
			isa = XCBuildConfiguration;
			buildSettings = {
				ALWAYS_SEARCH_USER_PATHS = NO;
				CLANG_CXX_LANGUAGE_STANDARD = "gnu++0x";
				CLANG_CXX_LIBRARY = "libc++";
				CLANG_WARN_CONSTANT_CONVERSION = YES;
				CLANG_WARN_EMPTY_BODY = YES;
				CLANG_WARN_ENUM_CONVERSION = YES;
				CLANG_WARN_INT_CONVERSION = YES;
				CLANG_WARN__DUPLICATE_METHOD_MATCH = YES;
				"CODE_SIGN_IDENTITY[sdk=iphoneos*]" = "iPhone Developer";
				COPY_PHASE_STRIP = YES;
				GCC_C_LANGUAGE_STANDARD = gnu99;
				GCC_WARN_ABOUT_RETURN_TYPE = YES;
				GCC_WARN_UNINITIALIZED_AUTOS = YES;
				GCC_WARN_UNUSED_VARIABLE = YES;
				IPHONEOS_DEPLOYMENT_TARGET = 6.1;
				OTHER_CFLAGS = "-DNS_BLOCK_ASSERTIONS=1";
				SDKROOT = iphoneos;
				VALIDATE_PRODUCT = YES;
			};
			name = Release;
		};
		9C526C01172661190013023A /* Debug */ = {
			isa = XCBuildConfiguration;
			buildSettings = {
				GCC_PRECOMPILE_PREFIX_HEADER = YES;
				GCC_PREFIX_HEADER = "Week3/Week3-Prefix.pch";
				INFOPLIST_FILE = "Week3/Week3-Info.plist";
				IPHONEOS_DEPLOYMENT_TARGET = 6.0;
				PRODUCT_NAME = "$(TARGET_NAME)";
				WRAPPER_EXTENSION = app;
			};
			name = Debug;
		};
		9C526C02172661190013023A /* Release */ = {
			isa = XCBuildConfiguration;
			buildSettings = {
				GCC_PRECOMPILE_PREFIX_HEADER = YES;
				GCC_PREFIX_HEADER = "Week3/Week3-Prefix.pch";
				INFOPLIST_FILE = "Week3/Week3-Info.plist";
				IPHONEOS_DEPLOYMENT_TARGET = 6.0;
				PRODUCT_NAME = "$(TARGET_NAME)";
				WRAPPER_EXTENSION = app;
			};
			name = Release;
		};
		9C526C04172661190013023A /* Debug */ = {
			isa = XCBuildConfiguration;
			buildSettings = {
				BUNDLE_LOADER = "$(BUILT_PRODUCTS_DIR)/Week3.app/Week3";
				FRAMEWORK_SEARCH_PATHS = (
					"\"$(SDKROOT)/Developer/Library/Frameworks\"",
					"\"$(DEVELOPER_LIBRARY_DIR)/Frameworks\"",
				);
				GCC_PRECOMPILE_PREFIX_HEADER = YES;
				GCC_PREFIX_HEADER = "Week3/Week3-Prefix.pch";
				INFOPLIST_FILE = "Week3Tests/Week3Tests-Info.plist";
				PRODUCT_NAME = "$(TARGET_NAME)";
				TEST_HOST = "$(BUNDLE_LOADER)";
				WRAPPER_EXTENSION = octest;
			};
			name = Debug;
		};
		9C526C05172661190013023A /* Release */ = {
			isa = XCBuildConfiguration;
			buildSettings = {
				BUNDLE_LOADER = "$(BUILT_PRODUCTS_DIR)/Week3.app/Week3";
				FRAMEWORK_SEARCH_PATHS = (
					"\"$(SDKROOT)/Developer/Library/Frameworks\"",
					"\"$(DEVELOPER_LIBRARY_DIR)/Frameworks\"",
				);
				GCC_PRECOMPILE_PREFIX_HEADER = YES;
				GCC_PREFIX_HEADER = "Week3/Week3-Prefix.pch";
				INFOPLIST_FILE = "Week3Tests/Week3Tests-Info.plist";
				PRODUCT_NAME = "$(TARGET_NAME)";
				TEST_HOST = "$(BUNDLE_LOADER)";
				WRAPPER_EXTENSION = octest;
			};
			name = Release;
		};
/* End XCBuildConfiguration section */

/* Begin XCConfigurationList section */
		9C526BC3172661180013023A /* Build configuration list for PBXProject "Week3" */ = {
			isa = XCConfigurationList;
			buildConfigurations = (
				9C526BFE172661190013023A /* Debug */,
				9C526BFF172661190013023A /* Release */,
			);
			defaultConfigurationIsVisible = 0;
			defaultConfigurationName = Release;
		};
		9C526C00172661190013023A /* Build configuration list for PBXNativeTarget "Week3" */ = {
			isa = XCConfigurationList;
			buildConfigurations = (
				9C526C01172661190013023A /* Debug */,
				9C526C02172661190013023A /* Release */,
			);
			defaultConfigurationIsVisible = 0;
		};
		9C526C03172661190013023A /* Build configuration list for PBXNativeTarget "Week3Tests" */ = {
			isa = XCConfigurationList;
			buildConfigurations = (
				9C526C04172661190013023A /* Debug */,
				9C526C05172661190013023A /* Release */,
			);
			defaultConfigurationIsVisible = 0;
		};
/* End XCConfigurationList section */
	};
	rootObject = 9C526BC0172661180013023A /* Project object */;
}
