// !$*UTF8*$!
{
	archiveVersion = 1;
	classes = {
	};
	objectVersion = 46;
	objects = {

/* Begin PBXBuildFile section */
		9C86099C1720D5D90049B7A1 /* UIKit.framework in Frameworks */ = {isa = PBXBuildFile; fileRef = 9C86099B1720D5D90049B7A1 /* UIKit.framework */; };
		9C86099E1720D5D90049B7A1 /* Foundation.framework in Frameworks */ = {isa = PBXBuildFile; fileRef = 9C86099D1720D5D90049B7A1 /* Foundation.framework */; };
		9C8609A01720D5D90049B7A1 /* CoreGraphics.framework in Frameworks */ = {isa = PBXBuildFile; fileRef = 9C86099F1720D5D90049B7A1 /* CoreGraphics.framework */; };
		9C8609A61720D5D90049B7A1 /* InfoPlist.strings in Resources */ = {isa = PBXBuildFile; fileRef = 9C8609A41720D5D90049B7A1 /* InfoPlist.strings */; };
		9C8609A81720D5D90049B7A1 /* main.m in Sources */ = {isa = PBXBuildFile; fileRef = 9C8609A71720D5D90049B7A1 /* main.m */; };
		9C8609AC1720D5D90049B7A1 /* AppDelegate.m in Sources */ = {isa = PBXBuildFile; fileRef = 9C8609AB1720D5D90049B7A1 /* AppDelegate.m */; };
		9C8609AE1720D5D90049B7A1 /* Default.png in Resources */ = {isa = PBXBuildFile; fileRef = 9C8609AD1720D5D90049B7A1 /* Default.png */; };
		9C8609B01720D5D90049B7A1 /* Default@2x.png in Resources */ = {isa = PBXBuildFile; fileRef = 9C8609AF1720D5D90049B7A1 /* Default@2x.png */; };
		9C8609B21720D5D90049B7A1 /* Default-568h@2x.png in Resources */ = {isa = PBXBuildFile; fileRef = 9C8609B11720D5D90049B7A1 /* Default-568h@2x.png */; };
		9C8609B51720D5D90049B7A1 /* ViewController.m in Sources */ = {isa = PBXBuildFile; fileRef = 9C8609B41720D5D90049B7A1 /* ViewController.m */; };
		9C8609B81720D5D90049B7A1 /* ViewController.xib in Resources */ = {isa = PBXBuildFile; fileRef = 9C8609B61720D5D90049B7A1 /* ViewController.xib */; };
		9C8609C21720DA730049B7A1 /* base.m in Sources */ = {isa = PBXBuildFile; fileRef = 9C8609C11720DA730049B7A1 /* base.m */; };
		9C8609C51720DA9C0049B7A1 /* mixAlbum.m in Sources */ = {isa = PBXBuildFile; fileRef = 9C8609C41720DA9B0049B7A1 /* mixAlbum.m */; };
		9C8609C81720DAAE0049B7A1 /* indieAlbum.m in Sources */ = {isa = PBXBuildFile; fileRef = 9C8609C71720DAAE0049B7A1 /* indieAlbum.m */; };
		9C8609CB1720DAC80049B7A1 /* grungeAlbum.m in Sources */ = {isa = PBXBuildFile; fileRef = 9C8609CA1720DAC80049B7A1 /* grungeAlbum.m */; };
/* End PBXBuildFile section */

/* Begin PBXFileReference section */
		9C8609981720D5D90049B7A1 /* Week2.app */ = {isa = PBXFileReference; explicitFileType = wrapper.application; includeInIndex = 0; path = Week2.app; sourceTree = BUILT_PRODUCTS_DIR; };
		9C86099B1720D5D90049B7A1 /* UIKit.framework */ = {isa = PBXFileReference; lastKnownFileType = wrapper.framework; name = UIKit.framework; path = System/Library/Frameworks/UIKit.framework; sourceTree = SDKROOT; };
		9C86099D1720D5D90049B7A1 /* Foundation.framework */ = {isa = PBXFileReference; lastKnownFileType = wrapper.framework; name = Foundation.framework; path = System/Library/Frameworks/Foundation.framework; sourceTree = SDKROOT; };
		9C86099F1720D5D90049B7A1 /* CoreGraphics.framework */ = {isa = PBXFileReference; lastKnownFileType = wrapper.framework; name = CoreGraphics.framework; path = System/Library/Frameworks/CoreGraphics.framework; sourceTree = SDKROOT; };
		9C8609A31720D5D90049B7A1 /* Week2-Info.plist */ = {isa = PBXFileReference; lastKnownFileType = text.plist.xml; path = "Week2-Info.plist"; sourceTree = "<group>"; };
		9C8609A51720D5D90049B7A1 /* en */ = {isa = PBXFileReference; lastKnownFileType = text.plist.strings; name = en; path = en.lproj/InfoPlist.strings; sourceTree = "<group>"; };
		9C8609A71720D5D90049B7A1 /* main.m */ = {isa = PBXFileReference; lastKnownFileType = sourcecode.c.objc; path = main.m; sourceTree = "<group>"; };
		9C8609A91720D5D90049B7A1 /* Week2-Prefix.pch */ = {isa = PBXFileReference; lastKnownFileType = sourcecode.c.h; path = "Week2-Prefix.pch"; sourceTree = "<group>"; };
		9C8609AA1720D5D90049B7A1 /* AppDelegate.h */ = {isa = PBXFileReference; lastKnownFileType = sourcecode.c.h; path = AppDelegate.h; sourceTree = "<group>"; };
		9C8609AB1720D5D90049B7A1 /* AppDelegate.m */ = {isa = PBXFileReference; lastKnownFileType = sourcecode.c.objc; path = AppDelegate.m; sourceTree = "<group>"; };
		9C8609AD1720D5D90049B7A1 /* Default.png */ = {isa = PBXFileReference; lastKnownFileType = image.png; path = Default.png; sourceTree = "<group>"; };
		9C8609AF1720D5D90049B7A1 /* Default@2x.png */ = {isa = PBXFileReference; lastKnownFileType = image.png; path = "Default@2x.png"; sourceTree = "<group>"; };
		9C8609B11720D5D90049B7A1 /* Default-568h@2x.png */ = {isa = PBXFileReference; lastKnownFileType = image.png; path = "Default-568h@2x.png"; sourceTree = "<group>"; };
		9C8609B31720D5D90049B7A1 /* ViewController.h */ = {isa = PBXFileReference; lastKnownFileType = sourcecode.c.h; path = ViewController.h; sourceTree = "<group>"; };
		9C8609B41720D5D90049B7A1 /* ViewController.m */ = {isa = PBXFileReference; lastKnownFileType = sourcecode.c.objc; path = ViewController.m; sourceTree = "<group>"; };
		9C8609B71720D5D90049B7A1 /* en */ = {isa = PBXFileReference; lastKnownFileType = file.xib; name = en; path = en.lproj/ViewController.xib; sourceTree = "<group>"; };
		9C8609BE1720D6BC0049B7A1 /* factory.h */ = {isa = PBXFileReference; lastKnownFileType = sourcecode.c.h; name = factory.h; path = "../../../../AOC Week2/AOC Week2/factory.h"; sourceTree = "<group>"; };
		9C8609BF1720D6BC0049B7A1 /* factory.m */ = {isa = PBXFileReference; lastKnownFileType = sourcecode.c.objc; name = factory.m; path = "../../../../AOC Week2/AOC Week2/factory.m"; sourceTree = "<group>"; };
		9C8609C01720DA730049B7A1 /* base.h */ = {isa = PBXFileReference; fileEncoding = 4; lastKnownFileType = sourcecode.c.h; path = base.h; sourceTree = "<group>"; };
		9C8609C11720DA730049B7A1 /* base.m */ = {isa = PBXFileReference; fileEncoding = 4; lastKnownFileType = sourcecode.c.objc; path = base.m; sourceTree = "<group>"; };
		9C8609C31720DA9B0049B7A1 /* mixAlbum.h */ = {isa = PBXFileReference; fileEncoding = 4; lastKnownFileType = sourcecode.c.h; path = mixAlbum.h; sourceTree = "<group>"; };
		9C8609C41720DA9B0049B7A1 /* mixAlbum.m */ = {isa = PBXFileReference; fileEncoding = 4; lastKnownFileType = sourcecode.c.objc; path = mixAlbum.m; sourceTree = "<group>"; };
		9C8609C61720DAAE0049B7A1 /* indieAlbum.h */ = {isa = PBXFileReference; fileEncoding = 4; lastKnownFileType = sourcecode.c.h; path = indieAlbum.h; sourceTree = "<group>"; };
		9C8609C71720DAAE0049B7A1 /* indieAlbum.m */ = {isa = PBXFileReference; fileEncoding = 4; lastKnownFileType = sourcecode.c.objc; path = indieAlbum.m; sourceTree = "<group>"; };
		9C8609C91720DAC80049B7A1 /* grungeAlbum.h */ = {isa = PBXFileReference; fileEncoding = 4; lastKnownFileType = sourcecode.c.h; path = grungeAlbum.h; sourceTree = "<group>"; };
		9C8609CA1720DAC80049B7A1 /* grungeAlbum.m */ = {isa = PBXFileReference; fileEncoding = 4; lastKnownFileType = sourcecode.c.objc; path = grungeAlbum.m; sourceTree = "<group>"; };
/* End PBXFileReference section */

/* Begin PBXFrameworksBuildPhase section */
		9C8609951720D5D90049B7A1 /* Frameworks */ = {
			isa = PBXFrameworksBuildPhase;
			buildActionMask = 2147483647;
			files = (
				9C86099C1720D5D90049B7A1 /* UIKit.framework in Frameworks */,
				9C86099E1720D5D90049B7A1 /* Foundation.framework in Frameworks */,
				9C8609A01720D5D90049B7A1 /* CoreGraphics.framework in Frameworks */,
			);
			runOnlyForDeploymentPostprocessing = 0;
		};
/* End PBXFrameworksBuildPhase section */

/* Begin PBXGroup section */
		9C86098F1720D5D90049B7A1 = {
			isa = PBXGroup;
			children = (
				9C8609A11720D5D90049B7A1 /* Week2 */,
				9C86099A1720D5D90049B7A1 /* Frameworks */,
				9C8609991720D5D90049B7A1 /* Products */,
			);
			sourceTree = "<group>";
		};
		9C8609991720D5D90049B7A1 /* Products */ = {
			isa = PBXGroup;
			children = (
				9C8609981720D5D90049B7A1 /* Week2.app */,
			);
			name = Products;
			sourceTree = "<group>";
		};
		9C86099A1720D5D90049B7A1 /* Frameworks */ = {
			isa = PBXGroup;
			children = (
				9C86099B1720D5D90049B7A1 /* UIKit.framework */,
				9C86099D1720D5D90049B7A1 /* Foundation.framework */,
				9C86099F1720D5D90049B7A1 /* CoreGraphics.framework */,
			);
			name = Frameworks;
			sourceTree = "<group>";
		};
		9C8609A11720D5D90049B7A1 /* Week2 */ = {
			isa = PBXGroup;
			children = (
				9C8609AA1720D5D90049B7A1 /* AppDelegate.h */,
				9C8609AB1720D5D90049B7A1 /* AppDelegate.m */,
				9C8609B31720D5D90049B7A1 /* ViewController.h */,
				9C8609B41720D5D90049B7A1 /* ViewController.m */,
				9C8609B61720D5D90049B7A1 /* ViewController.xib */,
				9C8609A21720D5D90049B7A1 /* Supporting Files */,
				9C8609BE1720D6BC0049B7A1 /* factory.h */,
				9C8609BF1720D6BC0049B7A1 /* factory.m */,
				9C8609C01720DA730049B7A1 /* base.h */,
				9C8609C11720DA730049B7A1 /* base.m */,
				9C8609C31720DA9B0049B7A1 /* mixAlbum.h */,
				9C8609C41720DA9B0049B7A1 /* mixAlbum.m */,
				9C8609C61720DAAE0049B7A1 /* indieAlbum.h */,
				9C8609C71720DAAE0049B7A1 /* indieAlbum.m */,
				9C8609C91720DAC80049B7A1 /* grungeAlbum.h */,
				9C8609CA1720DAC80049B7A1 /* grungeAlbum.m */,
			);
			path = Week2;
			sourceTree = "<group>";
		};
		9C8609A21720D5D90049B7A1 /* Supporting Files */ = {
			isa = PBXGroup;
			children = (
				9C8609A31720D5D90049B7A1 /* Week2-Info.plist */,
				9C8609A41720D5D90049B7A1 /* InfoPlist.strings */,
				9C8609A71720D5D90049B7A1 /* main.m */,
				9C8609A91720D5D90049B7A1 /* Week2-Prefix.pch */,
				9C8609AD1720D5D90049B7A1 /* Default.png */,
				9C8609AF1720D5D90049B7A1 /* Default@2x.png */,
				9C8609B11720D5D90049B7A1 /* Default-568h@2x.png */,
			);
			name = "Supporting Files";
			sourceTree = "<group>";
		};
/* End PBXGroup section */

/* Begin PBXNativeTarget section */
		9C8609971720D5D90049B7A1 /* Week2 */ = {
			isa = PBXNativeTarget;
			buildConfigurationList = 9C8609BB1720D5D90049B7A1 /* Build configuration list for PBXNativeTarget "Week2" */;
			buildPhases = (
				9C8609941720D5D90049B7A1 /* Sources */,
				9C8609951720D5D90049B7A1 /* Frameworks */,
				9C8609961720D5D90049B7A1 /* Resources */,
			);
			buildRules = (
			);
			dependencies = (
			);
			name = Week2;
			productName = Week2;
			productReference = 9C8609981720D5D90049B7A1 /* Week2.app */;
			productType = "com.apple.product-type.application";
		};
/* End PBXNativeTarget section */

/* Begin PBXProject section */
		9C8609901720D5D90049B7A1 /* Project object */ = {
			isa = PBXProject;
			attributes = {
				LastUpgradeCheck = 0460;
				ORGANIZATIONNAME = "Willson Ayotte (NEW)";
			};
			buildConfigurationList = 9C8609931720D5D90049B7A1 /* Build configuration list for PBXProject "Week2" */;
			compatibilityVersion = "Xcode 3.2";
			developmentRegion = English;
			hasScannedForEncodings = 0;
			knownRegions = (
				en,
			);
			mainGroup = 9C86098F1720D5D90049B7A1;
			productRefGroup = 9C8609991720D5D90049B7A1 /* Products */;
			projectDirPath = "";
			projectRoot = "";
			targets = (
				9C8609971720D5D90049B7A1 /* Week2 */,
			);
		};
/* End PBXProject section */

/* Begin PBXResourcesBuildPhase section */
		9C8609961720D5D90049B7A1 /* Resources */ = {
			isa = PBXResourcesBuildPhase;
			buildActionMask = 2147483647;
			files = (
				9C8609A61720D5D90049B7A1 /* InfoPlist.strings in Resources */,
				9C8609AE1720D5D90049B7A1 /* Default.png in Resources */,
				9C8609B01720D5D90049B7A1 /* Default@2x.png in Resources */,
				9C8609B21720D5D90049B7A1 /* Default-568h@2x.png in Resources */,
				9C8609B81720D5D90049B7A1 /* ViewController.xib in Resources */,
			);
			runOnlyForDeploymentPostprocessing = 0;
		};
/* End PBXResourcesBuildPhase section */

/* Begin PBXSourcesBuildPhase section */
		9C8609941720D5D90049B7A1 /* Sources */ = {
			isa = PBXSourcesBuildPhase;
			buildActionMask = 2147483647;
			files = (
				9C8609A81720D5D90049B7A1 /* main.m in Sources */,
				9C8609AC1720D5D90049B7A1 /* AppDelegate.m in Sources */,
				9C8609B51720D5D90049B7A1 /* ViewController.m in Sources */,
				9C8609C21720DA730049B7A1 /* base.m in Sources */,
				9C8609C51720DA9C0049B7A1 /* mixAlbum.m in Sources */,
				9C8609C81720DAAE0049B7A1 /* indieAlbum.m in Sources */,
				9C8609CB1720DAC80049B7A1 /* grungeAlbum.m in Sources */,
			);
			runOnlyForDeploymentPostprocessing = 0;
		};
/* End PBXSourcesBuildPhase section */

/* Begin PBXVariantGroup section */
		9C8609A41720D5D90049B7A1 /* InfoPlist.strings */ = {
			isa = PBXVariantGroup;
			children = (
				9C8609A51720D5D90049B7A1 /* en */,
			);
			name = InfoPlist.strings;
			sourceTree = "<group>";
		};
		9C8609B61720D5D90049B7A1 /* ViewController.xib */ = {
			isa = PBXVariantGroup;
			children = (
				9C8609B71720D5D90049B7A1 /* en */,
			);
			name = ViewController.xib;
			sourceTree = "<group>";
		};
/* End PBXVariantGroup section */

/* Begin XCBuildConfiguration section */
		9C8609B91720D5D90049B7A1 /* Debug */ = {
			isa = XCBuildConfiguration;
			buildSettings = {
				ALWAYS_SEARCH_USER_PATHS = NO;
				CLANG_CXX_LANGUAGE_STANDARD = "gnu++0x";
				CLANG_CXX_LIBRARY = "libc++";
				CLANG_WARN_CONSTANT_CONVERSION = YES;
				CLANG_WARN_EMPTY_BODY = YES;
				CLANG_WARN_ENUM_CONVERSION = YES;
				CLANG_WARN_INT_CONVERSION = YES;
				CLANG_WARN__DUPLICATE_METHOD_MATCH = YES;
				"CODE_SIGN_IDENTITY[sdk=iphoneos*]" = "iPhone Developer";
				COPY_PHASE_STRIP = NO;
				GCC_C_LANGUAGE_STANDARD = gnu99;
				GCC_DYNAMIC_NO_PIC = NO;
				GCC_OPTIMIZATION_LEVEL = 0;
				GCC_PREPROCESSOR_DEFINITIONS = (
					"DEBUG=1",
					"$(inherited)",
				);
				GCC_SYMBOLS_PRIVATE_EXTERN = NO;
				GCC_WARN_ABOUT_RETURN_TYPE = YES;
				GCC_WARN_UNINITIALIZED_AUTOS = YES;
				GCC_WARN_UNUSED_VARIABLE = YES;
				IPHONEOS_DEPLOYMENT_TARGET = 6.1;
				ONLY_ACTIVE_ARCH = YES;
				SDKROOT = iphoneos;
			};
			name = Debug;
		};
		9C8609BA1720D5D90049B7A1 /* Release */ = {
			isa = XCBuildConfiguration;
			buildSettings = {
				ALWAYS_SEARCH_USER_PATHS = NO;
				CLANG_CXX_LANGUAGE_STANDARD = "gnu++0x";
				CLANG_CXX_LIBRARY = "libc++";
				CLANG_WARN_CONSTANT_CONVERSION = YES;
				CLANG_WARN_EMPTY_BODY = YES;
				CLANG_WARN_ENUM_CONVERSION = YES;
				CLANG_WARN_INT_CONVERSION = YES;
				CLANG_WARN__DUPLICATE_METHOD_MATCH = YES;
				"CODE_SIGN_IDENTITY[sdk=iphoneos*]" = "iPhone Developer";
				COPY_PHASE_STRIP = YES;
				GCC_C_LANGUAGE_STANDARD = gnu99;
				GCC_WARN_ABOUT_RETURN_TYPE = YES;
				GCC_WARN_UNINITIALIZED_AUTOS = YES;
				GCC_WARN_UNUSED_VARIABLE = YES;
				IPHONEOS_DEPLOYMENT_TARGET = 6.1;
				OTHER_CFLAGS = "-DNS_BLOCK_ASSERTIONS=1";
				SDKROOT = iphoneos;
				VALIDATE_PRODUCT = YES;
			};
			name = Release;
		};
		9C8609BC1720D5D90049B7A1 /* Debug */ = {
			isa = XCBuildConfiguration;
			buildSettings = {
				GCC_PRECOMPILE_PREFIX_HEADER = YES;
				GCC_PREFIX_HEADER = "Week2/Week2-Prefix.pch";
				INFOPLIST_FILE = "Week2/Week2-Info.plist";
				IPHONEOS_DEPLOYMENT_TARGET = 6.0;
				PRODUCT_NAME = "$(TARGET_NAME)";
				WRAPPER_EXTENSION = app;
			};
			name = Debug;
		};
		9C8609BD1720D5D90049B7A1 /* Release */ = {
			isa = XCBuildConfiguration;
			buildSettings = {
				GCC_PRECOMPILE_PREFIX_HEADER = YES;
				GCC_PREFIX_HEADER = "Week2/Week2-Prefix.pch";
				INFOPLIST_FILE = "Week2/Week2-Info.plist";
				IPHONEOS_DEPLOYMENT_TARGET = 6.0;
				PRODUCT_NAME = "$(TARGET_NAME)";
				WRAPPER_EXTENSION = app;
			};
			name = Release;
		};
/* End XCBuildConfiguration section */

/* Begin XCConfigurationList section */
		9C8609931720D5D90049B7A1 /* Build configuration list for PBXProject "Week2" */ = {
			isa = XCConfigurationList;
			buildConfigurations = (
				9C8609B91720D5D90049B7A1 /* Debug */,
				9C8609BA1720D5D90049B7A1 /* Release */,
			);
			defaultConfigurationIsVisible = 0;
			defaultConfigurationName = Release;
		};
		9C8609BB1720D5D90049B7A1 /* Build configuration list for PBXNativeTarget "Week2" */ = {
			isa = XCConfigurationList;
			buildConfigurations = (
				9C8609BC1720D5D90049B7A1 /* Debug */,
				9C8609BD1720D5D90049B7A1 /* Release */,
			);
			defaultConfigurationIsVisible = 0;
		};
/* End XCConfigurationList section */
	};
	rootObject = 9C8609901720D5D90049B7A1 /* Project object */;
}
